{
  "version": 4,
  "terraform_version": "1.9.8",
  "serial": 1,
  "lineage": "2322df4f-7841-c839-338a-1c4f7053951f",
  "outputs": {},
  "resources": [
    {
      "mode": "managed",
      "type": "aws_vpc",
      "name": "main",
      "provider": "provider[\"registry.terraform.io/hashicorp/aws\"]",
      "instances": [
        {
          "schema_version": 1,
          "attributes": {
            "arn": "arn:aws:ec2:ap-northeast-1:681048796370:vpc/vpc-0185af4e1ed893224",
            "assign_generated_ipv6_cidr_block": false,
            "cidr_block": "10.0.0.0/24",
            "default_network_acl_id": "acl-00ba49c1947170936",
            "default_route_table_id": "rtb-0ca685ab7e48a708f",
            "default_security_group_id": "sg-08044e49bfa660f29",
            "dhcp_options_id": "dopt-0e07d236465621e84",
            "enable_dns_hostnames": true,
            "enable_dns_support": true,
            "enable_network_address_usage_metrics": false,
            "id": "vpc-0185af4e1ed893224",
            "instance_tenancy": "dedicated",
            "ipv4_ipam_pool_id": null,
            "ipv4_netmask_length": null,
            "ipv6_association_id": "",
            "ipv6_cidr_block": "",
            "ipv6_cidr_block_network_border_group": "",
            "ipv6_ipam_pool_id": "",
            "ipv6_netmask_length": 0,
            "main_route_table_id": "rtb-0ca685ab7e48a708f",
            "owner_id": "681048796370",
            "region": "ap-northeast-1",
            "tags": {
              "ManagedBy": "Terraform",
              "Name": "test-vpc"
            },
            "tags_all": {
              "ManagedBy": "Terraform",
              "Name": "test-vpc"
            }
          },
          "sensitive_attributes": [],
          "private": "eyJzY2hlbWFfdmVyc2lvbiI6IjEifQ=="
        }
      ]
    }
  ],
  "check_results": null
}
